
Microsoft Visual Studio Solution File, Format Version 12.00
# Visual Studio Version 17
VisualStudioVersion = 17.13.35919.96 d17.13
MinimumVisualStudioVersion = 10.0.40219.1
Project("{FAE04EC0-301F-11D3-BF4B-00C04F79EFBC}") = "xuanxing_Mod_DeleteTreasure", "xuanxing_Mod_DeleteTreasure.csproj", "{DB92BBE0-9EF4-421C-92B0-266298ACD4DE}"
EndProject
Global
	GlobalSection(SolutionConfigurationPlatforms) = preSolution
		Debug|Any CPU = Debug|Any CPU
		Release|Any CPU = Release|Any CPU
	EndGlobalSection
	GlobalSection(ProjectConfigurationPlatforms) = postSolution
		{DB92BBE0-9EF4-421C-92B0-266298ACD4DE}.Debug|Any CPU.ActiveCfg = Debug|Any CPU
		{DB92BBE0-9EF4-421C-92B0-266298ACD4DE}.Debug|Any CPU.Build.0 = Debug|Any CPU
		{DB92BBE0-9EF4-421C-92B0-266298ACD4DE}.Release|Any CPU.ActiveCfg = Release|Any CPU
		{DB92BBE0-9EF4-421C-92B0-266298ACD4DE}.Release|Any CPU.Build.0 = Release|Any CPU
	EndGlobalSection
	GlobalSection(SolutionProperties) = preSolution
		HideSolutionNode = FALSE
	EndGlobalSection
	GlobalSection(ExtensibilityGlobals) = postSolution
		SolutionGuid = {E9DEEA4D-2D66-4CFD-91B3-D902C9EDBCB9}
	EndGlobalSection
EndGlobal
